// !$*UTF8*$!
{
	archiveVersion = 1;
	classes = {
	};
	objectVersion = 56;
	objects = {

/* Begin PBXBuildFile section */
		CC311BC12C6A612000460A0F /* RickNMortyApp.swift in Sources */ = {isa = PBXBuildFile; fileRef = CC311BC02C6A612000460A0F /* RickNMortyApp.swift */; };
		CC311BC32C6A612000460A0F /* ContentView.swift in Sources */ = {isa = PBXBuildFile; fileRef = CC311BC22C6A612000460A0F /* ContentView.swift */; };
		CC311BC52C6A612100460A0F /* Assets.xcassets in Resources */ = {isa = PBXBuildFile; fileRef = CC311BC42C6A612100460A0F /* Assets.xcassets */; };
		CC311BC82C6A612100460A0F /* Preview Assets.xcassets in Resources */ = {isa = PBXBuildFile; fileRef = CC311BC72C6A612100460A0F /* Preview Assets.xcassets */; };
		CC311BDC2C6A6DDE00460A0F /* CardView.swift in Sources */ = {isa = PBXBuildFile; fileRef = CC311BDB2C6A6DDE00460A0F /* CardView.swift */; };
		CC311BDF2C6A6E2400460A0F /* Card.swift in Sources */ = {isa = PBXBuildFile; fileRef = CC311BDE2C6A6E2400460A0F /* Card.swift */; };
		CC311BE12C6B9F4000460A0F /* CharactersView.swift in Sources */ = {isa = PBXBuildFile; fileRef = CC311BE02C6B9F4000460A0F /* CharactersView.swift */; };
		CC311BE32C6BAD2700460A0F /* Character.swift in Sources */ = {isa = PBXBuildFile; fileRef = CC311BE22C6BAD2700460A0F /* Character.swift */; };
		CC311BE62C6BAF1800460A0F /* NetworkError.swift in Sources */ = {isa = PBXBuildFile; fileRef = CC311BE52C6BAF1800460A0F /* NetworkError.swift */; };
		CC311BEA2C6BB37D00460A0F /* CharacterNetworkService.swift in Sources */ = {isa = PBXBuildFile; fileRef = CC311BE92C6BB37D00460A0F /* CharacterNetworkService.swift */; };
		CC311BED2C6BBA1400460A0F /* CharacterViewModel.swift in Sources */ = {isa = PBXBuildFile; fileRef = CC311BEC2C6BBA1400460A0F /* CharacterViewModel.swift */; };
/* End PBXBuildFile section */

/* Begin PBXFileReference section */
		CC311BBD2C6A612000460A0F /* RickNMorty.app */ = {isa = PBXFileReference; explicitFileType = wrapper.application; includeInIndex = 0; path = RickNMorty.app; sourceTree = BUILT_PRODUCTS_DIR; };
		CC311BC02C6A612000460A0F /* RickNMortyApp.swift */ = {isa = PBXFileReference; lastKnownFileType = sourcecode.swift; path = RickNMortyApp.swift; sourceTree = "<group>"; };
		CC311BC22C6A612000460A0F /* ContentView.swift */ = {isa = PBXFileReference; lastKnownFileType = sourcecode.swift; path = ContentView.swift; sourceTree = "<group>"; };
		CC311BC42C6A612100460A0F /* Assets.xcassets */ = {isa = PBXFileReference; lastKnownFileType = folder.assetcatalog; path = Assets.xcassets; sourceTree = "<group>"; };
		CC311BC72C6A612100460A0F /* Preview Assets.xcassets */ = {isa = PBXFileReference; lastKnownFileType = folder.assetcatalog; path = "Preview Assets.xcassets"; sourceTree = "<group>"; };
		CC311BDB2C6A6DDE00460A0F /* CardView.swift */ = {isa = PBXFileReference; fileEncoding = 4; lastKnownFileType = sourcecode.swift; path = CardView.swift; sourceTree = "<group>"; };
		CC311BDE2C6A6E2400460A0F /* Card.swift */ = {isa = PBXFileReference; lastKnownFileType = sourcecode.swift; path = Card.swift; sourceTree = "<group>"; };
		CC311BE02C6B9F4000460A0F /* CharactersView.swift */ = {isa = PBXFileReference; lastKnownFileType = sourcecode.swift; path = CharactersView.swift; sourceTree = "<group>"; };
		CC311BE22C6BAD2700460A0F /* Character.swift */ = {isa = PBXFileReference; lastKnownFileType = sourcecode.swift; path = Character.swift; sourceTree = "<group>"; };
		CC311BE52C6BAF1800460A0F /* NetworkError.swift */ = {isa = PBXFileReference; lastKnownFileType = sourcecode.swift; path = NetworkError.swift; sourceTree = "<group>"; };
		CC311BE92C6BB37D00460A0F /* CharacterNetworkService.swift */ = {isa = PBXFileReference; lastKnownFileType = sourcecode.swift; path = CharacterNetworkService.swift; sourceTree = "<group>"; };
		CC311BEC2C6BBA1400460A0F /* CharacterViewModel.swift */ = {isa = PBXFileReference; lastKnownFileType = sourcecode.swift; path = CharacterViewModel.swift; sourceTree = "<group>"; };
/* End PBXFileReference section */

/* Begin PBXFrameworksBuildPhase section */
		CC311BBA2C6A612000460A0F /* Frameworks */ = {
			isa = PBXFrameworksBuildPhase;
			buildActionMask = 2147483647;
			files = (
			);
			runOnlyForDeploymentPostprocessing = 0;
		};
/* End PBXFrameworksBuildPhase section */

/* Begin PBXGroup section */
		CC311BB42C6A612000460A0F = {
			isa = PBXGroup;
			children = (
				CC311BBF2C6A612000460A0F /* RickNMorty */,
				CC311BBE2C6A612000460A0F /* Products */,
			);
			sourceTree = "<group>";
		};
		CC311BBE2C6A612000460A0F /* Products */ = {
			isa = PBXGroup;
			children = (
				CC311BBD2C6A612000460A0F /* RickNMorty.app */,
			);
			name = Products;
			sourceTree = "<group>";
		};
		CC311BBF2C6A612000460A0F /* RickNMorty */ = {
			isa = PBXGroup;
			children = (
				CC311BEE2C6BBCAE00460A0F /* E */,
				CC311BE42C6BAF0C00460A0F /* Error */,
				CC311BD72C6A6D7200460A0F /* Characters */,
				CC311BC02C6A612000460A0F /* RickNMortyApp.swift */,
				CC311BC22C6A612000460A0F /* ContentView.swift */,
				CC311BC42C6A612100460A0F /* Assets.xcassets */,
				CC311BC62C6A612100460A0F /* Preview Content */,
			);
			path = RickNMorty;
			sourceTree = "<group>";
		};
		CC311BC62C6A612100460A0F /* Preview Content */ = {
			isa = PBXGroup;
			children = (
				CC311BC72C6A612100460A0F /* Preview Assets.xcassets */,
			);
			path = "Preview Content";
			sourceTree = "<group>";
		};
		CC311BD72C6A6D7200460A0F /* Characters */ = {
			isa = PBXGroup;
			children = (
				CC311BDD2C6A6DF800460A0F /* Models */,
				CC311BD82C6A6DB700460A0F /* Views */,
				CC311BEB2C6BB9A000460A0F /* ViewModels */,
				CC311BE72C6BB31C00460A0F /* Networking */,
			);
			path = Characters;
			sourceTree = "<group>";
		};
		CC311BD82C6A6DB700460A0F /* Views */ = {
			isa = PBXGroup;
			children = (
				CC311BDB2C6A6DDE00460A0F /* CardView.swift */,
				CC311BE02C6B9F4000460A0F /* CharactersView.swift */,
			);
			path = Views;
			sourceTree = "<group>";
		};
		CC311BDD2C6A6DF800460A0F /* Models */ = {
			isa = PBXGroup;
			children = (
				CC311BDE2C6A6E2400460A0F /* Card.swift */,
				CC311BE22C6BAD2700460A0F /* Character.swift */,
			);
			path = Models;
			sourceTree = "<group>";
		};
		CC311BE42C6BAF0C00460A0F /* Error */ = {
			isa = PBXGroup;
			children = (
				CC311BE52C6BAF1800460A0F /* NetworkError.swift */,
			);
			path = Error;
			sourceTree = "<group>";
		};
		CC311BE72C6BB31C00460A0F /* Networking */ = {
			isa = PBXGroup;
			children = (
				CC311BE82C6BB36400460A0F /* Services */,
			);
			path = Networking;
			sourceTree = "<group>";
		};
		CC311BE82C6BB36400460A0F /* Services */ = {
			isa = PBXGroup;
			children = (
				CC311BE92C6BB37D00460A0F /* CharacterNetworkService.swift */,
			);
			path = Services;
			sourceTree = "<group>";
		};
		CC311BEB2C6BB9A000460A0F /* ViewModels */ = {
			isa = PBXGroup;
			children = (
				CC311BEC2C6BBA1400460A0F /* CharacterViewModel.swift */,
			);
			path = ViewModels;
			sourceTree = "<group>";
		};
		CC311BEE2C6BBCAE00460A0F /* E */ = {
			isa = PBXGroup;
			children = (
			);
			path = E;
			sourceTree = "<group>";
		};
/* End PBXGroup section */

/* Begin PBXNativeTarget section */
		CC311BBC2C6A612000460A0F /* RickNMorty */ = {
			isa = PBXNativeTarget;
			buildConfigurationList = CC311BCB2C6A612100460A0F /* Build configuration list for PBXNativeTarget "RickNMorty" */;
			buildPhases = (
				CC311BB92C6A612000460A0F /* Sources */,
				CC311BBA2C6A612000460A0F /* Frameworks */,
				CC311BBB2C6A612000460A0F /* Resources */,
			);
			buildRules = (
			);
			dependencies = (
			);
			name = RickNMorty;
			productName = RickNMorty;
			productReference = CC311BBD2C6A612000460A0F /* RickNMorty.app */;
			productType = "com.apple.product-type.application";
		};
/* End PBXNativeTarget section */

/* Begin PBXProject section */
		CC311BB52C6A612000460A0F /* Project object */ = {
			isa = PBXProject;
			attributes = {
				BuildIndependentTargetsInParallel = 1;
				LastSwiftUpdateCheck = 1540;
				LastUpgradeCheck = 1540;
				TargetAttributes = {
					CC311BBC2C6A612000460A0F = {
						CreatedOnToolsVersion = 15.4;
					};
				};
			};
			buildConfigurationList = CC311BB82C6A612000460A0F /* Build configuration list for PBXProject "RickNMorty" */;
			compatibilityVersion = "Xcode 14.0";
			developmentRegion = en;
			hasScannedForEncodings = 0;
			knownRegions = (
				en,
				Base,
			);
			mainGroup = CC311BB42C6A612000460A0F;
			productRefGroup = CC311BBE2C6A612000460A0F /* Products */;
			projectDirPath = "";
			projectRoot = "";
			targets = (
				CC311BBC2C6A612000460A0F /* RickNMorty */,
			);
		};
/* End PBXProject section */

/* Begin PBXResourcesBuildPhase section */
		CC311BBB2C6A612000460A0F /* Resources */ = {
			isa = PBXResourcesBuildPhase;
			buildActionMask = 2147483647;
			files = (
				CC311BC82C6A612100460A0F /* Preview Assets.xcassets in Resources */,
				CC311BC52C6A612100460A0F /* Assets.xcassets in Resources */,
			);
			runOnlyForDeploymentPostprocessing = 0;
		};
/* End PBXResourcesBuildPhase section */

/* Begin PBXSourcesBuildPhase section */
		CC311BB92C6A612000460A0F /* Sources */ = {
			isa = PBXSourcesBuildPhase;
			buildActionMask = 2147483647;
			files = (
				CC311BDC2C6A6DDE00460A0F /* CardView.swift in Sources */,
				CC311BED2C6BBA1400460A0F /* CharacterViewModel.swift in Sources */,
				CC311BE12C6B9F4000460A0F /* CharactersView.swift in Sources */,
				CC311BC32C6A612000460A0F /* ContentView.swift in Sources */,
				CC311BE32C6BAD2700460A0F /* Character.swift in Sources */,
				CC311BC12C6A612000460A0F /* RickNMortyApp.swift in Sources */,
				CC311BE62C6BAF1800460A0F /* NetworkError.swift in Sources */,
				CC311BDF2C6A6E2400460A0F /* Card.swift in Sources */,
				CC311BEA2C6BB37D00460A0F /* CharacterNetworkService.swift in Sources */,
			);
			runOnlyForDeploymentPostprocessing = 0;
		};
/* End PBXSourcesBuildPhase section */

/* Begin XCBuildConfiguration section */
		CC311BC92C6A612100460A0F /* Debug */ = {
			isa = XCBuildConfiguration;
			buildSettings = {
				ALWAYS_SEARCH_USER_PATHS = NO;
				ASSETCATALOG_COMPILER_GENERATE_SWIFT_ASSET_SYMBOL_EXTENSIONS = YES;
				CLANG_ANALYZER_NONNULL = YES;
				CLANG_ANALYZER_NUMBER_OBJECT_CONVERSION = YES_AGGRESSIVE;
				CLANG_CXX_LANGUAGE_STANDARD = "gnu++20";
				CLANG_ENABLE_MODULES = YES;
				CLANG_ENABLE_OBJC_ARC = YES;
				CLANG_ENABLE_OBJC_WEAK = YES;
				CLANG_WARN_BLOCK_CAPTURE_AUTORELEASING = YES;
				CLANG_WARN_BOOL_CONVERSION = YES;
				CLANG_WARN_COMMA = YES;
				CLANG_WARN_CONSTANT_CONVERSION = YES;
				CLANG_WARN_DEPRECATED_OBJC_IMPLEMENTATIONS = YES;
				CLANG_WARN_DIRECT_OBJC_ISA_USAGE = YES_ERROR;
				CLANG_WARN_DOCUMENTATION_COMMENTS = YES;
				CLANG_WARN_EMPTY_BODY = YES;
				CLANG_WARN_ENUM_CONVERSION = YES;
				CLANG_WARN_INFINITE_RECURSION = YES;
				CLANG_WARN_INT_CONVERSION = YES;
				CLANG_WARN_NON_LITERAL_NULL_CONVERSION = YES;
				CLANG_WARN_OBJC_IMPLICIT_RETAIN_SELF = YES;
				CLANG_WARN_OBJC_LITERAL_CONVERSION = YES;
				CLANG_WARN_OBJC_ROOT_CLASS = YES_ERROR;
				CLANG_WARN_QUOTED_INCLUDE_IN_FRAMEWORK_HEADER = YES;
				CLANG_WARN_RANGE_LOOP_ANALYSIS = YES;
				CLANG_WARN_STRICT_PROTOTYPES = YES;
				CLANG_WARN_SUSPICIOUS_MOVE = YES;
				CLANG_WARN_UNGUARDED_AVAILABILITY = YES_AGGRESSIVE;
				CLANG_WARN_UNREACHABLE_CODE = YES;
				CLANG_WARN__DUPLICATE_METHOD_MATCH = YES;
				COPY_PHASE_STRIP = NO;
				DEBUG_INFORMATION_FORMAT = dwarf;
				ENABLE_STRICT_OBJC_MSGSEND = YES;
				ENABLE_TESTABILITY = YES;
				ENABLE_USER_SCRIPT_SANDBOXING = YES;
				GCC_C_LANGUAGE_STANDARD = gnu17;
				GCC_DYNAMIC_NO_PIC = NO;
				GCC_NO_COMMON_BLOCKS = YES;
				GCC_OPTIMIZATION_LEVEL = 0;
				GCC_PREPROCESSOR_DEFINITIONS = (
					"DEBUG=1",
					"$(inherited)",
				);
				GCC_WARN_64_TO_32_BIT_CONVERSION = YES;
				GCC_WARN_ABOUT_RETURN_TYPE = YES_ERROR;
				GCC_WARN_UNDECLARED_SELECTOR = YES;
				GCC_WARN_UNINITIALIZED_AUTOS = YES_AGGRESSIVE;
				GCC_WARN_UNUSED_FUNCTION = YES;
				GCC_WARN_UNUSED_VARIABLE = YES;
				IPHONEOS_DEPLOYMENT_TARGET = 17.5;
				LOCALIZATION_PREFERS_STRING_CATALOGS = YES;
				MTL_ENABLE_DEBUG_INFO = INCLUDE_SOURCE;
				MTL_FAST_MATH = YES;
				ONLY_ACTIVE_ARCH = YES;
				SDKROOT = iphoneos;
				SWIFT_ACTIVE_COMPILATION_CONDITIONS = "DEBUG $(inherited)";
				SWIFT_OPTIMIZATION_LEVEL = "-Onone";
			};
			name = Debug;
		};
		CC311BCA2C6A612100460A0F /* Release */ = {
			isa = XCBuildConfiguration;
			buildSettings = {
				ALWAYS_SEARCH_USER_PATHS = NO;
				ASSETCATALOG_COMPILER_GENERATE_SWIFT_ASSET_SYMBOL_EXTENSIONS = YES;
				CLANG_ANALYZER_NONNULL = YES;
				CLANG_ANALYZER_NUMBER_OBJECT_CONVERSION = YES_AGGRESSIVE;
				CLANG_CXX_LANGUAGE_STANDARD = "gnu++20";
				CLANG_ENABLE_MODULES = YES;
				CLANG_ENABLE_OBJC_ARC = YES;
				CLANG_ENABLE_OBJC_WEAK = YES;
				CLANG_WARN_BLOCK_CAPTURE_AUTORELEASING = YES;
				CLANG_WARN_BOOL_CONVERSION = YES;
				CLANG_WARN_COMMA = YES;
				CLANG_WARN_CONSTANT_CONVERSION = YES;
				CLANG_WARN_DEPRECATED_OBJC_IMPLEMENTATIONS = YES;
				CLANG_WARN_DIRECT_OBJC_ISA_USAGE = YES_ERROR;
				CLANG_WARN_DOCUMENTATION_COMMENTS = YES;
				CLANG_WARN_EMPTY_BODY = YES;
				CLANG_WARN_ENUM_CONVERSION = YES;
				CLANG_WARN_INFINITE_RECURSION = YES;
				CLANG_WARN_INT_CONVERSION = YES;
				CLANG_WARN_NON_LITERAL_NULL_CONVERSION = YES;
				CLANG_WARN_OBJC_IMPLICIT_RETAIN_SELF = YES;
				CLANG_WARN_OBJC_LITERAL_CONVERSION = YES;
				CLANG_WARN_OBJC_ROOT_CLASS = YES_ERROR;
				CLANG_WARN_QUOTED_INCLUDE_IN_FRAMEWORK_HEADER = YES;
				CLANG_WARN_RANGE_LOOP_ANALYSIS = YES;
				CLANG_WARN_STRICT_PROTOTYPES = YES;
				CLANG_WARN_SUSPICIOUS_MOVE = YES;
				CLANG_WARN_UNGUARDED_AVAILABILITY = YES_AGGRESSIVE;
				CLANG_WARN_UNREACHABLE_CODE = YES;
				CLANG_WARN__DUPLICATE_METHOD_MATCH = YES;
				COPY_PHASE_STRIP = NO;
				DEBUG_INFORMATION_FORMAT = "dwarf-with-dsym";
				ENABLE_NS_ASSERTIONS = NO;
				ENABLE_STRICT_OBJC_MSGSEND = YES;
				ENABLE_USER_SCRIPT_SANDBOXING = YES;
				GCC_C_LANGUAGE_STANDARD = gnu17;
				GCC_NO_COMMON_BLOCKS = YES;
				GCC_WARN_64_TO_32_BIT_CONVERSION = YES;
				GCC_WARN_ABOUT_RETURN_TYPE = YES_ERROR;
				GCC_WARN_UNDECLARED_SELECTOR = YES;
				GCC_WARN_UNINITIALIZED_AUTOS = YES_AGGRESSIVE;
				GCC_WARN_UNUSED_FUNCTION = YES;
				GCC_WARN_UNUSED_VARIABLE = YES;
				IPHONEOS_DEPLOYMENT_TARGET = 17.5;
				LOCALIZATION_PREFERS_STRING_CATALOGS = YES;
				MTL_ENABLE_DEBUG_INFO = NO;
				MTL_FAST_MATH = YES;
				SDKROOT = iphoneos;
				SWIFT_COMPILATION_MODE = wholemodule;
				VALIDATE_PRODUCT = YES;
			};
			name = Release;
		};
		CC311BCC2C6A612100460A0F /* Debug */ = {
			isa = XCBuildConfiguration;
			buildSettings = {
				ASSETCATALOG_COMPILER_APPICON_NAME = AppIcon;
				ASSETCATALOG_COMPILER_GLOBAL_ACCENT_COLOR_NAME = AccentColor;
				CODE_SIGN_STYLE = Automatic;
				CURRENT_PROJECT_VERSION = 1;
				DEVELOPMENT_ASSET_PATHS = "\"RickNMorty/Preview Content\"";
				DEVELOPMENT_TEAM = YS49M7Y874;
				ENABLE_PREVIEWS = YES;
				GENERATE_INFOPLIST_FILE = YES;
				INFOPLIST_KEY_UIApplicationSceneManifest_Generation = YES;
				INFOPLIST_KEY_UIApplicationSupportsIndirectInputEvents = YES;
				INFOPLIST_KEY_UILaunchScreen_Generation = YES;
				INFOPLIST_KEY_UISupportedInterfaceOrientations_iPad = "UIInterfaceOrientationPortrait UIInterfaceOrientationPortraitUpsideDown UIInterfaceOrientationLandscapeLeft UIInterfaceOrientationLandscapeRight";
				INFOPLIST_KEY_UISupportedInterfaceOrientations_iPhone = "UIInterfaceOrientationPortrait UIInterfaceOrientationLandscapeLeft UIInterfaceOrientationLandscapeRight";
				LD_RUNPATH_SEARCH_PATHS = (
					"$(inherited)",
					"@executable_path/Frameworks",
				);
				MARKETING_VERSION = 1.0;
				PRODUCT_BUNDLE_IDENTIFIER = com.myorganization.RickNMorty;
				PRODUCT_NAME = "$(TARGET_NAME)";
				SWIFT_EMIT_LOC_STRINGS = YES;
				SWIFT_VERSION = 5.0;
				TARGETED_DEVICE_FAMILY = "1,2";
			};
			name = Debug;
		};
		CC311BCD2C6A612100460A0F /* Release */ = {
			isa = XCBuildConfiguration;
			buildSettings = {
				ASSETCATALOG_COMPILER_APPICON_NAME = AppIcon;
				ASSETCATALOG_COMPILER_GLOBAL_ACCENT_COLOR_NAME = AccentColor;
				CODE_SIGN_STYLE = Automatic;
				CURRENT_PROJECT_VERSION = 1;
				DEVELOPMENT_ASSET_PATHS = "\"RickNMorty/Preview Content\"";
				DEVELOPMENT_TEAM = YS49M7Y874;
				ENABLE_PREVIEWS = YES;
				GENERATE_INFOPLIST_FILE = YES;
				INFOPLIST_KEY_UIApplicationSceneManifest_Generation = YES;
				INFOPLIST_KEY_UIApplicationSupportsIndirectInputEvents = YES;
				INFOPLIST_KEY_UILaunchScreen_Generation = YES;
				INFOPLIST_KEY_UISupportedInterfaceOrientations_iPad = "UIInterfaceOrientationPortrait UIInterfaceOrientationPortraitUpsideDown UIInterfaceOrientationLandscapeLeft UIInterfaceOrientationLandscapeRight";
				INFOPLIST_KEY_UISupportedInterfaceOrientations_iPhone = "UIInterfaceOrientationPortrait UIInterfaceOrientationLandscapeLeft UIInterfaceOrientationLandscapeRight";
				LD_RUNPATH_SEARCH_PATHS = (
					"$(inherited)",
					"@executable_path/Frameworks",
				);
				MARKETING_VERSION = 1.0;
				PRODUCT_BUNDLE_IDENTIFIER = com.myorganization.RickNMorty;
				PRODUCT_NAME = "$(TARGET_NAME)";
				SWIFT_EMIT_LOC_STRINGS = YES;
				SWIFT_VERSION = 5.0;
				TARGETED_DEVICE_FAMILY = "1,2";
			};
			name = Release;
		};
/* End XCBuildConfiguration section */

/* Begin XCConfigurationList section */
		CC311BB82C6A612000460A0F /* Build configuration list for PBXProject "RickNMorty" */ = {
			isa = XCConfigurationList;
			buildConfigurations = (
				CC311BC92C6A612100460A0F /* Debug */,
				CC311BCA2C6A612100460A0F /* Release */,
			);
			defaultConfigurationIsVisible = 0;
			defaultConfigurationName = Release;
		};
		CC311BCB2C6A612100460A0F /* Build configuration list for PBXNativeTarget "RickNMorty" */ = {
			isa = XCConfigurationList;
			buildConfigurations = (
				CC311BCC2C6A612100460A0F /* Debug */,
				CC311BCD2C6A612100460A0F /* Release */,
			);
			defaultConfigurationIsVisible = 0;
			defaultConfigurationName = Release;
		};
/* End XCConfigurationList section */
	};
	rootObject = CC311BB52C6A612000460A0F /* Project object */;
}
